
Microsoft Visual Studio Solution File, Format Version 12.00
# Visual Studio Version 18
VisualStudioVersion = 18.6.11819.183 stable
MinimumVisualStudioVersion = 10.0.40219.1
Project("{FAE04EC0-301F-11D3-BF4B-00C04F79EFBC}") = "MarkdownConverter", "MarkdownConverter.csproj", "{B92DFEF5-2513-5784-2EA4-6D3CA2BB852E}"
EndProject
Global
	GlobalSection(SolutionConfigurationPlatforms) = preSolution
		Debug|Any CPU = Debug|Any CPU
		Release|Any CPU = Release|Any CPU
	EndGlobalSection
	GlobalSection(ProjectConfigurationPlatforms) = postSolution
		{B92DFEF5-2513-5784-2EA4-6D3CA2BB852E}.Debug|Any CPU.ActiveCfg = Debug|Any CPU
		{B92DFEF5-2513-5784-2EA4-6D3CA2BB852E}.Debug|Any CPU.Build.0 = Debug|Any CPU
		{B92DFEF5-2513-5784-2EA4-6D3CA2BB852E}.Release|Any CPU.ActiveCfg = Release|Any CPU
		{B92DFEF5-2513-5784-2EA4-6D3CA2BB852E}.Release|Any CPU.Build.0 = Release|Any CPU
	EndGlobalSection
	GlobalSection(SolutionProperties) = preSolution
		HideSolutionNode = FALSE
	EndGlobalSection
	GlobalSection(ExtensibilityGlobals) = postSolution
		SolutionGuid = {D7B3D1D0-59D6-4C66-8993-4BD6A8F4D43F}
	EndGlobalSection
EndGlobal
